PODS:
  - Capacitor (5.5.1):
    - CapacitorCordova
  - CapacitorCommunitySqlite (5.4.2-2):
    - Capacitor
    - SQLCipher
    - ZIPFoundation
  - CapacitorCordova (5.5.1)
  - CapacitorToast (5.0.6):
    - Capacitor
  - SQLCipher (4.5.5):
    - SQLCipher/standard (= 4.5.5)
  - SQLCipher/common (4.5.5)
  - SQLCipher/standard (4.5.5):
    - SQLCipher/common
  - ZIPFoundation (0.9.16)

DEPENDENCIES:
  - "Capacitor (from `../../node_modules/@capacitor/ios`)"
  - "CapacitorCommunitySqlite (from `../../node_modules/@capacitor-community/sqlite`)"
  - "CapacitorCordova (from `../../node_modules/@capacitor/ios`)"
  - "CapacitorToast (from `../../node_modules/@capacitor/toast`)"

SPEC REPOS:
  trunk:
    - SQLCipher
    - ZIPFoundation

EXTERNAL SOURCES:
  Capacitor:
    :path: "../../node_modules/@capacitor/ios"
  CapacitorCommunitySqlite:
    :path: "../../node_modules/@capacitor-community/sqlite"
  CapacitorCordova:
    :path: "../../node_modules/@capacitor/ios"
  CapacitorToast:
    :path: "../../node_modules/@capacitor/toast"

SPEC CHECKSUMS:
  Capacitor: 9da0a2415e3b6098511f8b5ffdb578d91ee79f8f
  CapacitorCommunitySqlite: 603b21de9e0503d44c203da080671b32d9a6e6d1
  CapacitorCordova: e128cc7688c070ca0bfa439898a5f609da8dbcfe
  CapacitorToast: bb0d79b78d9c27c0199b57f735dd50b8fc363489
  SQLCipher: f2e96b3822e3006b379181a0e4fd145f6de29b56
  ZIPFoundation: d170fa8e270b2a32bef9dcdcabff5b8f1a5deced

PODFILE CHECKSUM: 001dc7b6e6c00f3f4257732ebd8a5af4acbf12e1

COCOAPODS: 1.10.0
